
Microsoft Visual Studio Solution File, Format Version 12.00
# Visual Studio Version 16
VisualStudioVersion = 16.0.31624.102
MinimumVisualStudioVersion = 10.0.40219.1
Project("{FAE04EC0-301F-11D3-BF4B-00C04F79EFBC}") = "Inverte frases 2.0", "Inverte frases 2.0.csproj", "{A896609E-AD31-466E-A726-DC9991981F19}"
EndProject
Global
	GlobalSection(SolutionConfigurationPlatforms) = preSolution
		Debug|Any CPU = Debug|Any CPU
		Release|Any CPU = Release|Any CPU
	EndGlobalSection
	GlobalSection(ProjectConfigurationPlatforms) = postSolution
		{A896609E-AD31-466E-A726-DC9991981F19}.Debug|Any CPU.ActiveCfg = Debug|Any CPU
		{A896609E-AD31-466E-A726-DC9991981F19}.Debug|Any CPU.Build.0 = Debug|Any CPU
		{A896609E-AD31-466E-A726-DC9991981F19}.Release|Any CPU.ActiveCfg = Release|Any CPU
		{A896609E-AD31-466E-A726-DC9991981F19}.Release|Any CPU.Build.0 = Release|Any CPU
	EndGlobalSection
	GlobalSection(SolutionProperties) = preSolution
		HideSolutionNode = FALSE
	EndGlobalSection
	GlobalSection(ExtensibilityGlobals) = postSolution
		SolutionGuid = {E3B3A3FF-67F4-4F28-A609-33C6280B633D}
	EndGlobalSection
EndGlobal
